
Microsoft Visual Studio Solution File, Format Version 12.00
# Visual Studio Version 17
VisualStudioVersion = 17.2.32616.157
MinimumVisualStudioVersion = 10.0.40219.1
Project("{FAE04EC0-301F-11D3-BF4B-00C04F79EFBC}") = "calculator", "calculator\calculator.csproj", "{73CFB3AF-76EB-4E32-923E-817EB3BA7B0C}"
EndProject
Global
	GlobalSection(SolutionConfigurationPlatforms) = preSolution
		Debug|Any CPU = Debug|Any CPU
		Release|Any CPU = Release|Any CPU
	EndGlobalSection
	GlobalSection(ProjectConfigurationPlatforms) = postSolution
		{73CFB3AF-76EB-4E32-923E-817EB3BA7B0C}.Debug|Any CPU.ActiveCfg = Debug|Any CPU
		{73CFB3AF-76EB-4E32-923E-817EB3BA7B0C}.Debug|Any CPU.Build.0 = Debug|Any CPU
		{73CFB3AF-76EB-4E32-923E-817EB3BA7B0C}.Release|Any CPU.ActiveCfg = Release|Any CPU
		{73CFB3AF-76EB-4E32-923E-817EB3BA7B0C}.Release|Any CPU.Build.0 = Release|Any CPU
	EndGlobalSection
	GlobalSection(SolutionProperties) = preSolution
		HideSolutionNode = FALSE
	EndGlobalSection
	GlobalSection(ExtensibilityGlobals) = postSolution
		SolutionGuid = {AE1E0F84-B61B-49B7-A95F-67A22114BBB1}
	EndGlobalSection
EndGlobal
